
Microsoft Visual Studio Solution File, Format Version 12.00
Project("{FAE04EC0-301F-11D3-BF4B-00C04F79EFBC}") = "PillsReminderTgBot.WebApi", "src\PillsReminderTgBot.WebApi\PillsReminderTgBot.WebApi.csproj", "{48F64A05-B09E-4514-A70E-2870858DBA06}"
EndProject
Project("{2150E333-8FDC-42A3-9474-1A3956D46DE8}") = "Solution Items", "Solution Items", "{AE05E4EB-C928-43A7-A2D9-F21B8C13B316}"
	ProjectSection(SolutionItems) = preProject
		compose.yaml = compose.yaml
	EndProjectSection
EndProject
Global
	GlobalSection(SolutionConfigurationPlatforms) = preSolution
		Debug|Any CPU = Debug|Any CPU
		Release|Any CPU = Release|Any CPU
	EndGlobalSection
	GlobalSection(ProjectConfigurationPlatforms) = postSolution
		{48F64A05-B09E-4514-A70E-2870858DBA06}.Debug|Any CPU.ActiveCfg = Debug|Any CPU
		{48F64A05-B09E-4514-A70E-2870858DBA06}.Debug|Any CPU.Build.0 = Debug|Any CPU
		{48F64A05-B09E-4514-A70E-2870858DBA06}.Release|Any CPU.ActiveCfg = Release|Any CPU
		{48F64A05-B09E-4514-A70E-2870858DBA06}.Release|Any CPU.Build.0 = Release|Any CPU
	EndGlobalSection
EndGlobal
